
Microsoft Visual Studio Solution File, Format Version 10.00
# Visual Studio 2008
Project("{8BC9CEB8-8B4A-11D0-8D11-00A0C91BC942}") = "通比牛牛客户端", "游戏客户端\GameClient_PPC.vcproj", "{F2D70F30-23FC-4973-A798-AED329359B33}"
EndProject
Project("{2150E333-8FDC-42A3-9474-1A3956D46DE8}") = "Solution Items", "Solution Items", "{CBB7ABFC-777A-453A-922E-FA49D53F93FC}"
EndProject
Project("{8BC9CEB8-8B4A-11D0-8D11-00A0C91BC942}") = "通比牛牛服务器", "游戏服务器\GameServer_PPC.vcproj", "{CA071FF5-97BF-42C3-99AF-FE8F8A0F0AF2}"
EndProject
Project("{8BC9CEB8-8B4A-11D0-8D11-00A0C91BC942}") = "MJDemo", "C:\Users\201305241500\Desktop\MJDemo\MJDemo.vcproj", "{3B44D0B3-6CC7-4BF0-AB8E-E327B8ABA5EA}"
EndProject
Global
	GlobalSection(SolutionConfigurationPlatforms) = preSolution
		Debug|Win32 = Debug|Win32
		Release|Win32 = Release|Win32
	EndGlobalSection
	GlobalSection(ProjectConfigurationPlatforms) = postSolution
		{F2D70F30-23FC-4973-A798-AED329359B33}.Debug|Win32.ActiveCfg = Debug|Win32
		{F2D70F30-23FC-4973-A798-AED329359B33}.Debug|Win32.Build.0 = Debug|Win32
		{F2D70F30-23FC-4973-A798-AED329359B33}.Release|Win32.ActiveCfg = Release|Win32
		{F2D70F30-23FC-4973-A798-AED329359B33}.Release|Win32.Build.0 = Release|Win32
		{CA071FF5-97BF-42C3-99AF-FE8F8A0F0AF2}.Debug|Win32.ActiveCfg = Debug|Win32
		{CA071FF5-97BF-42C3-99AF-FE8F8A0F0AF2}.Debug|Win32.Build.0 = Debug|Win32
		{CA071FF5-97BF-42C3-99AF-FE8F8A0F0AF2}.Release|Win32.ActiveCfg = Release|Win32
		{CA071FF5-97BF-42C3-99AF-FE8F8A0F0AF2}.Release|Win32.Build.0 = Release|Win32
		{3B44D0B3-6CC7-4BF0-AB8E-E327B8ABA5EA}.Debug|Win32.ActiveCfg = Debug|Win32
		{3B44D0B3-6CC7-4BF0-AB8E-E327B8ABA5EA}.Debug|Win32.Build.0 = Debug|Win32
		{3B44D0B3-6CC7-4BF0-AB8E-E327B8ABA5EA}.Release|Win32.ActiveCfg = Release|Win32
		{3B44D0B3-6CC7-4BF0-AB8E-E327B8ABA5EA}.Release|Win32.Build.0 = Release|Win32
	EndGlobalSection
	GlobalSection(SolutionProperties) = preSolution
		HideSolutionNode = FALSE
	EndGlobalSection
EndGlobal
